
Microsoft Visual Studio Solution File, Format Version 12.00
# Visual Studio Version 17
VisualStudioVersion = 17.13.35825.156 d17.13
MinimumVisualStudioVersion = 10.0.40219.1
Project("{2150E333-8FDC-42A3-9474-1A3956D46DE8}") = "src", "src", "{BEE9BA9F-9807-4377-84E0-D4624F8BD206}"
EndProject
Project("{2150E333-8FDC-42A3-9474-1A3956D46DE8}") = "testing", "testing", "{416CA4F0-F1CB-48FE-B2A0-82AC1F76AE73}"
EndProject
Project("{FAE04EC0-301F-11D3-BF4B-00C04F79EFBC}") = "Domain", "Domain\Domain.csproj", "{FBE26E4A-7C9F-435E-BEFE-BD7F0E29DD2F}"
EndProject
Project("{FAE04EC0-301F-11D3-BF4B-00C04F79EFBC}") = "Application", "Application\Application.csproj", "{A135B66F-3106-44BC-9BF7-F012183C7F22}"
EndProject
Project("{FAE04EC0-301F-11D3-BF4B-00C04F79EFBC}") = "Infrastructure", "Infrastructure\Infrastructure.csproj", "{221F563D-8DD9-4804-9E26-255257C34E39}"
EndProject
Project("{FAE04EC0-301F-11D3-BF4B-00C04F79EFBC}") = "Shipping.API", "Shipping.API\Shipping.API.csproj", "{936D8627-3FB3-4961-8341-8639C01F71AF}"
EndProject
Project("{00D1A9C2-B5F0-4AF3-8072-F6C62B433612}") = "Shipping.Database", "Shipping.Database\Shipping.Database.sqlproj", "{DAF56D8A-96D0-44D9-8647-CB61D540C586}"
EndProject
Project("{FAE04EC0-301F-11D3-BF4B-00C04F79EFBC}") = "Common", "..\POContext\Common\Common.csproj", "{0206BB68-5700-C039-19DC-BD598820D45B}"
EndProject
Project("{FAE04EC0-301F-11D3-BF4B-00C04F79EFBC}") = "OutboxProcessor", "OutboxProcessor\OutboxProcessor.csproj", "{66535C02-9004-417C-9B88-0027153F658A}"
EndProject
Project("{FAE04EC0-301F-11D3-BF4B-00C04F79EFBC}") = "Shipping.Testing", "Shipping.Testing\Shipping.Testing.csproj", "{3C707B5A-2A0A-4FF9-BC7E-F6E2713DB2B7}"
EndProject
Global
	GlobalSection(SolutionConfigurationPlatforms) = preSolution
		Debug|Any CPU = Debug|Any CPU
		Release|Any CPU = Release|Any CPU
	EndGlobalSection
	GlobalSection(ProjectConfigurationPlatforms) = postSolution
		{FBE26E4A-7C9F-435E-BEFE-BD7F0E29DD2F}.Debug|Any CPU.ActiveCfg = Debug|Any CPU
		{FBE26E4A-7C9F-435E-BEFE-BD7F0E29DD2F}.Debug|Any CPU.Build.0 = Debug|Any CPU
		{FBE26E4A-7C9F-435E-BEFE-BD7F0E29DD2F}.Release|Any CPU.ActiveCfg = Release|Any CPU
		{FBE26E4A-7C9F-435E-BEFE-BD7F0E29DD2F}.Release|Any CPU.Build.0 = Release|Any CPU
		{A135B66F-3106-44BC-9BF7-F012183C7F22}.Debug|Any CPU.ActiveCfg = Debug|Any CPU
		{A135B66F-3106-44BC-9BF7-F012183C7F22}.Debug|Any CPU.Build.0 = Debug|Any CPU
		{A135B66F-3106-44BC-9BF7-F012183C7F22}.Release|Any CPU.ActiveCfg = Release|Any CPU
		{A135B66F-3106-44BC-9BF7-F012183C7F22}.Release|Any CPU.Build.0 = Release|Any CPU
		{221F563D-8DD9-4804-9E26-255257C34E39}.Debug|Any CPU.ActiveCfg = Debug|Any CPU
		{221F563D-8DD9-4804-9E26-255257C34E39}.Debug|Any CPU.Build.0 = Debug|Any CPU
		{221F563D-8DD9-4804-9E26-255257C34E39}.Release|Any CPU.ActiveCfg = Release|Any CPU
		{221F563D-8DD9-4804-9E26-255257C34E39}.Release|Any CPU.Build.0 = Release|Any CPU
		{936D8627-3FB3-4961-8341-8639C01F71AF}.Debug|Any CPU.ActiveCfg = Debug|Any CPU
		{936D8627-3FB3-4961-8341-8639C01F71AF}.Debug|Any CPU.Build.0 = Debug|Any CPU
		{936D8627-3FB3-4961-8341-8639C01F71AF}.Release|Any CPU.ActiveCfg = Release|Any CPU
		{936D8627-3FB3-4961-8341-8639C01F71AF}.Release|Any CPU.Build.0 = Release|Any CPU
		{DAF56D8A-96D0-44D9-8647-CB61D540C586}.Debug|Any CPU.ActiveCfg = Debug|Any CPU
		{DAF56D8A-96D0-44D9-8647-CB61D540C586}.Debug|Any CPU.Build.0 = Debug|Any CPU
		{DAF56D8A-96D0-44D9-8647-CB61D540C586}.Debug|Any CPU.Deploy.0 = Debug|Any CPU
		{DAF56D8A-96D0-44D9-8647-CB61D540C586}.Release|Any CPU.ActiveCfg = Release|Any CPU
		{DAF56D8A-96D0-44D9-8647-CB61D540C586}.Release|Any CPU.Build.0 = Release|Any CPU
		{DAF56D8A-96D0-44D9-8647-CB61D540C586}.Release|Any CPU.Deploy.0 = Release|Any CPU
		{0206BB68-5700-C039-19DC-BD598820D45B}.Debug|Any CPU.ActiveCfg = Debug|Any CPU
		{0206BB68-5700-C039-19DC-BD598820D45B}.Debug|Any CPU.Build.0 = Debug|Any CPU
		{0206BB68-5700-C039-19DC-BD598820D45B}.Release|Any CPU.ActiveCfg = Release|Any CPU
		{0206BB68-5700-C039-19DC-BD598820D45B}.Release|Any CPU.Build.0 = Release|Any CPU
		{66535C02-9004-417C-9B88-0027153F658A}.Debug|Any CPU.ActiveCfg = Debug|Any CPU
		{66535C02-9004-417C-9B88-0027153F658A}.Debug|Any CPU.Build.0 = Debug|Any CPU
		{66535C02-9004-417C-9B88-0027153F658A}.Release|Any CPU.ActiveCfg = Release|Any CPU
		{66535C02-9004-417C-9B88-0027153F658A}.Release|Any CPU.Build.0 = Release|Any CPU
		{3C707B5A-2A0A-4FF9-BC7E-F6E2713DB2B7}.Debug|Any CPU.ActiveCfg = Debug|Any CPU
		{3C707B5A-2A0A-4FF9-BC7E-F6E2713DB2B7}.Debug|Any CPU.Build.0 = Debug|Any CPU
		{3C707B5A-2A0A-4FF9-BC7E-F6E2713DB2B7}.Release|Any CPU.ActiveCfg = Release|Any CPU
		{3C707B5A-2A0A-4FF9-BC7E-F6E2713DB2B7}.Release|Any CPU.Build.0 = Release|Any CPU
	EndGlobalSection
	GlobalSection(SolutionProperties) = preSolution
		HideSolutionNode = FALSE
	EndGlobalSection
	GlobalSection(NestedProjects) = preSolution
		{FBE26E4A-7C9F-435E-BEFE-BD7F0E29DD2F} = {BEE9BA9F-9807-4377-84E0-D4624F8BD206}
		{A135B66F-3106-44BC-9BF7-F012183C7F22} = {BEE9BA9F-9807-4377-84E0-D4624F8BD206}
		{221F563D-8DD9-4804-9E26-255257C34E39} = {BEE9BA9F-9807-4377-84E0-D4624F8BD206}
		{936D8627-3FB3-4961-8341-8639C01F71AF} = {BEE9BA9F-9807-4377-84E0-D4624F8BD206}
		{DAF56D8A-96D0-44D9-8647-CB61D540C586} = {BEE9BA9F-9807-4377-84E0-D4624F8BD206}
		{0206BB68-5700-C039-19DC-BD598820D45B} = {BEE9BA9F-9807-4377-84E0-D4624F8BD206}
		{66535C02-9004-417C-9B88-0027153F658A} = {BEE9BA9F-9807-4377-84E0-D4624F8BD206}
		{3C707B5A-2A0A-4FF9-BC7E-F6E2713DB2B7} = {416CA4F0-F1CB-48FE-B2A0-82AC1F76AE73}
	EndGlobalSection
	GlobalSection(ExtensibilityGlobals) = postSolution
		SolutionGuid = {A3067B20-603D-4191-819A-4A469735234B}
	EndGlobalSection
EndGlobal
